
Microsoft Visual Studio Solution File, Format Version 12.00
# Visual Studio Version 17
VisualStudioVersion = 17.9.34728.123
MinimumVisualStudioVersion = 10.0.40219.1
Project("{FAE04EC0-301F-11D3-BF4B-00C04F79EFBC}") = "TypingTest", "TypingTest.csproj", "{F4206FFF-BBF2-4C55-A56A-085D03A7B36F}"
EndProject
Global
	GlobalSection(SolutionConfigurationPlatforms) = preSolution
		Debug|Any CPU = Debug|Any CPU
		Release|Any CPU = Release|Any CPU
	EndGlobalSection
	GlobalSection(ProjectConfigurationPlatforms) = postSolution
		{F4206FFF-BBF2-4C55-A56A-085D03A7B36F}.Debug|Any CPU.ActiveCfg = Debug|Any CPU
		{F4206FFF-BBF2-4C55-A56A-085D03A7B36F}.Debug|Any CPU.Build.0 = Debug|Any CPU
		{F4206FFF-BBF2-4C55-A56A-085D03A7B36F}.Release|Any CPU.ActiveCfg = Release|Any CPU
		{F4206FFF-BBF2-4C55-A56A-085D03A7B36F}.Release|Any CPU.Build.0 = Release|Any CPU
	EndGlobalSection
	GlobalSection(SolutionProperties) = preSolution
		HideSolutionNode = FALSE
	EndGlobalSection
	GlobalSection(ExtensibilityGlobals) = postSolution
		SolutionGuid = {2BB19F60-4F6A-49E2-BEDD-6111C875DA90}
	EndGlobalSection
EndGlobal
